
Microsoft Visual Studio Solution File, Format Version 12.00
# Visual Studio Version 16
VisualStudioVersion = 16.0.30907.101
MinimumVisualStudioVersion = 10.0.40219.1
Project("{FAE04EC0-301F-11D3-BF4B-00C04F79EFBC}") = "Lexico2", "Lexico2\Lexico2.csproj", "{358B28C8-8D2E-4608-8D44-A651F27BB59B}"
EndProject
Global
	GlobalSection(SolutionConfigurationPlatforms) = preSolution
		Debug|Any CPU = Debug|Any CPU
		Release|Any CPU = Release|Any CPU
	EndGlobalSection
	GlobalSection(ProjectConfigurationPlatforms) = postSolution
		{358B28C8-8D2E-4608-8D44-A651F27BB59B}.Debug|Any CPU.ActiveCfg = Debug|Any CPU
		{358B28C8-8D2E-4608-8D44-A651F27BB59B}.Debug|Any CPU.Build.0 = Debug|Any CPU
		{358B28C8-8D2E-4608-8D44-A651F27BB59B}.Release|Any CPU.ActiveCfg = Release|Any CPU
		{358B28C8-8D2E-4608-8D44-A651F27BB59B}.Release|Any CPU.Build.0 = Release|Any CPU
	EndGlobalSection
	GlobalSection(SolutionProperties) = preSolution
		HideSolutionNode = FALSE
	EndGlobalSection
	GlobalSection(ExtensibilityGlobals) = postSolution
		SolutionGuid = {64172B14-22C2-4EBD-8B3B-888FE4EECB7E}
	EndGlobalSection
EndGlobal
